Microsoft Visual Studio Solution File, Format Version 11.00
# Visual Studio 2008

Project("{E0C979E4-3DE8-E5BB-4E3E-0169120A6FF3}") = "leapmotion", "Assembly-CSharp.csproj", "{355C8251-B2F0-D510-0363-4B182BD5C220}"
EndProject
Project("{E0C979E4-3DE8-E5BB-4E3E-0169120A6FF3}") = "leapmotion", "Assembly-CSharp-Editor.csproj", "{6724F077-4524-EB53-C815-9C1BA158CEFA}"
EndProject
Global
	GlobalSection(SolutionConfigurationPlatforms) = preSolution
		Debug|Any CPU = Debug|Any CPU
		Release|Any CPU = Release|Any CPU
	EndGlobalSection
	GlobalSection(ProjectConfigurationPlatforms) = postSolution
		{355C8251-B2F0-D510-0363-4B182BD5C220}.Debug|Any CPU.ActiveCfg = Debug|Any CPU
		{355C8251-B2F0-D510-0363-4B182BD5C220}.Debug|Any CPU.Build.0 = Debug|Any CPU
		{355C8251-B2F0-D510-0363-4B182BD5C220}.Release|Any CPU.ActiveCfg = Release|Any CPU
		{355C8251-B2F0-D510-0363-4B182BD5C220}.Release|Any CPU.Build.0 = Release|Any CPU
		{6724F077-4524-EB53-C815-9C1BA158CEFA}.Debug|Any CPU.ActiveCfg = Debug|Any CPU
		{6724F077-4524-EB53-C815-9C1BA158CEFA}.Debug|Any CPU.Build.0 = Debug|Any CPU
		{6724F077-4524-EB53-C815-9C1BA158CEFA}.Release|Any CPU.ActiveCfg = Release|Any CPU
		{6724F077-4524-EB53-C815-9C1BA158CEFA}.Release|Any CPU.Build.0 = Release|Any CPU
	EndGlobalSection
	GlobalSection(SolutionProperties) = preSolution
		HideSolutionNode = FALSE
	EndGlobalSection
			GlobalSection(MonoDevelopProperties) = preSolution
		StartupItem = Assembly-CSharp.csproj
		Policies = $0
		$0.TextStylePolicy = $1
		$1.inheritsSet = null
		$1.scope = text/x-csharp
		$0.CSharpFormattingPolicy = $2
		$2.inheritsSet = Mono
		$2.inheritsScope = text/x-csharp
		$2.scope = text/x-csharp
		$0.TextStylePolicy = $3
		$3.FileWidth = 120
		$3.TabWidth = 4
		$3.IndentWidth = 4
		$3.EolMarker = Unix
		$3.inheritsSet = Mono
		$3.inheritsScope = text/plain
		$3.scope = text/plain
	EndGlobalSection
EndGlobal
